// !$*UTF8*$!
{
	archiveVersion = 1;
	classes = {
	};
	objectVersion = 46;
	objects = {

/* Begin PBXBuildFile section */
		C7454CB21C27B38800B95FFA /* AppDelegate.swift in Sources */ = {isa = PBXBuildFile; fileRef = C7454CB11C27B38800B95FFA /* AppDelegate.swift */; };
		C7454CB41C27B38800B95FFA /* ViewController.swift in Sources */ = {isa = PBXBuildFile; fileRef = C7454CB31C27B38800B95FFA /* ViewController.swift */; };
		C7454CB71C27B38800B95FFA /* Main.storyboard in Resources */ = {isa = PBXBuildFile; fileRef = C7454CB51C27B38800B95FFA /* Main.storyboard */; };
		C7454CBA1C27B38800B95FFA /* XCTestProject.xcdatamodeld in Sources */ = {isa = PBXBuildFile; fileRef = C7454CB81C27B38800B95FFA /* XCTestProject.xcdatamodeld */; };
		C7454CBC1C27B38800B95FFA /* Assets.xcassets in Resources */ = {isa = PBXBuildFile; fileRef = C7454CBB1C27B38800B95FFA /* Assets.xcassets */; };
		C7454CBF1C27B38800B95FFA /* LaunchScreen.storyboard in Resources */ = {isa = PBXBuildFile; fileRef = C7454CBD1C27B38800B95FFA /* LaunchScreen.storyboard */; };
		C7454CCA1C27B38800B95FFA /* XCTestProjectTests.swift in Sources */ = {isa = PBXBuildFile; fileRef = C7454CC91C27B38800B95FFA /* XCTestProjectTests.swift */; };
		C7454CD51C27B38800B95FFA /* XCTestProjectUITests.swift in Sources */ = {isa = PBXBuildFile; fileRef = C7454CD41C27B38800B95FFA /* XCTestProjectUITests.swift */; };
		C7454CE21C27B7B700B95FFA /* ViewController.swift in Sources */ = {isa = PBXBuildFile; fileRef = C7454CB31C27B38800B95FFA /* ViewController.swift */; };
/* End PBXBuildFile section */

/* Begin PBXContainerItemProxy section */
		C7454CC61C27B38800B95FFA /* PBXContainerItemProxy */ = {
			isa = PBXContainerItemProxy;
			containerPortal = C7454CA61C27B38800B95FFA /* Project object */;
			proxyType = 1;
			remoteGlobalIDString = C7454CAD1C27B38800B95FFA;
			remoteInfo = XCTestProject;
		};
		C7454CD11C27B38800B95FFA /* PBXContainerItemProxy */ = {
			isa = PBXContainerItemProxy;
			containerPortal = C7454CA61C27B38800B95FFA /* Project object */;
			proxyType = 1;
			remoteGlobalIDString = C7454CAD1C27B38800B95FFA;
			remoteInfo = XCTestProject;
		};
/* End PBXContainerItemProxy section */

/* Begin PBXFileReference section */
		C7454CAE1C27B38800B95FFA /* XCTestProject.app */ = {isa = PBXFileReference; explicitFileType = wrapper.application; includeInIndex = 0; path = XCTestProject.app; sourceTree = BUILT_PRODUCTS_DIR; };
		C7454CB11C27B38800B95FFA /* AppDelegate.swift */ = {isa = PBXFileReference; lastKnownFileType = sourcecode.swift; path = AppDelegate.swift; sourceTree = "<group>"; };
		C7454CB31C27B38800B95FFA /* ViewController.swift */ = {isa = PBXFileReference; lastKnownFileType = sourcecode.swift; path = ViewController.swift; sourceTree = "<group>"; };
		C7454CB61C27B38800B95FFA /* Base */ = {isa = PBXFileReference; lastKnownFileType = file.storyboard; name = Base; path = Base.lproj/Main.storyboard; sourceTree = "<group>"; };
		C7454CB91C27B38800B95FFA /* XCTestProject.xcdatamodel */ = {isa = PBXFileReference; lastKnownFileType = wrapper.xcdatamodel; path = XCTestProject.xcdatamodel; sourceTree = "<group>"; };
		C7454CBB1C27B38800B95FFA /* Assets.xcassets */ = {isa = PBXFileReference; lastKnownFileType = folder.assetcatalog; path = Assets.xcassets; sourceTree = "<group>"; };
		C7454CBE1C27B38800B95FFA /* Base */ = {isa = PBXFileReference; lastKnownFileType = file.storyboard; name = Base; path = Base.lproj/LaunchScreen.storyboard; sourceTree = "<group>"; };
		C7454CC01C27B38800B95FFA /* Info.plist */ = {isa = PBXFileReference; lastKnownFileType = text.plist.xml; path = Info.plist; sourceTree = "<group>"; };
		C7454CC51C27B38800B95FFA /* XCTestProjectTests.xctest */ = {isa = PBXFileReference; explicitFileType = wrapper.cfbundle; includeInIndex = 0; path = XCTestProjectTests.xctest; sourceTree = BUILT_PRODUCTS_DIR; };
		C7454CC91C27B38800B95FFA /* XCTestProjectTests.swift */ = {isa = PBXFileReference; lastKnownFileType = sourcecode.swift; path = XCTestProjectTests.swift; sourceTree = "<group>"; };
		C7454CCB1C27B38800B95FFA /* Info.plist */ = {isa = PBXFileReference; lastKnownFileType = text.plist.xml; path = Info.plist; sourceTree = "<group>"; };
		C7454CD01C27B38800B95FFA /* XCTestProjectUITests.xctest */ = {isa = PBXFileReference; explicitFileType = wrapper.cfbundle; includeInIndex = 0; path = XCTestProjectUITests.xctest; sourceTree = BUILT_PRODUCTS_DIR; };
		C7454CD41C27B38800B95FFA /* XCTestProjectUITests.swift */ = {isa = PBXFileReference; lastKnownFileType = sourcecode.swift; path = XCTestProjectUITests.swift; sourceTree = "<group>"; };
		C7454CD61C27B38800B95FFA /* Info.plist */ = {isa = PBXFileReference; lastKnownFileType = text.plist.xml; path = Info.plist; sourceTree = "<group>"; };
/* End PBXFileReference section */

/* Begin PBXFrameworksBuildPhase section */
		C7454CAB1C27B38800B95FFA /* Frameworks */ = {
			isa = PBXFrameworksBuildPhase;
			buildActionMask = 2147483647;
			files = (
			);
			runOnlyForDeploymentPostprocessing = 0;
		};
		C7454CC21C27B38800B95FFA /* Frameworks */ = {
			isa = PBXFrameworksBuildPhase;
			buildActionMask = 2147483647;
			files = (
			);
			runOnlyForDeploymentPostprocessing = 0;
		};
		C7454CCD1C27B38800B95FFA /* Frameworks */ = {
			isa = PBXFrameworksBuildPhase;
			buildActionMask = 2147483647;
			files = (
			);
			runOnlyForDeploymentPostprocessing = 0;
		};
/* End PBXFrameworksBuildPhase section */

/* Begin PBXGroup section */
		C7454CA51C27B38800B95FFA = {
			isa = PBXGroup;
			children = (
				C7454CB01C27B38800B95FFA /* XCTestProject */,
				C7454CC81C27B38800B95FFA /* XCTestProjectTests */,
				C7454CD31C27B38800B95FFA /* XCTestProjectUITests */,
				C7454CAF1C27B38800B95FFA /* Products */,
			);
			sourceTree = "<group>";
		};
		C7454CAF1C27B38800B95FFA /* Products */ = {
			isa = PBXGroup;
			children = (
				C7454CAE1C27B38800B95FFA /* XCTestProject.app */,
				C7454CC51C27B38800B95FFA /* XCTestProjectTests.xctest */,
				C7454CD01C27B38800B95FFA /* XCTestProjectUITests.xctest */,
			);
			name = Products;
			sourceTree = "<group>";
		};
		C7454CB01C27B38800B95FFA /* XCTestProject */ = {
			isa = PBXGroup;
			children = (
				C7454CB11C27B38800B95FFA /* AppDelegate.swift */,
				C7454CB31C27B38800B95FFA /* ViewController.swift */,
				C7454CB51C27B38800B95FFA /* Main.storyboard */,
				C7454CBB1C27B38800B95FFA /* Assets.xcassets */,
				C7454CBD1C27B38800B95FFA /* LaunchScreen.storyboard */,
				C7454CC01C27B38800B95FFA /* Info.plist */,
				C7454CB81C27B38800B95FFA /* XCTestProject.xcdatamodeld */,
			);
			path = XCTestProject;
			sourceTree = "<group>";
		};
		C7454CC81C27B38800B95FFA /* XCTestProjectTests */ = {
			isa = PBXGroup;
			children = (
				C7454CC91C27B38800B95FFA /* XCTestProjectTests.swift */,
				C7454CCB1C27B38800B95FFA /* Info.plist */,
			);
			path = XCTestProjectTests;
			sourceTree = "<group>";
		};
		C7454CD31C27B38800B95FFA /* XCTestProjectUITests */ = {
			isa = PBXGroup;
			children = (
				C7454CD41C27B38800B95FFA /* XCTestProjectUITests.swift */,
				C7454CD61C27B38800B95FFA /* Info.plist */,
			);
			path = XCTestProjectUITests;
			sourceTree = "<group>";
		};
/* End PBXGroup section */

/* Begin PBXNativeTarget section */
		C7454CAD1C27B38800B95FFA /* XCTestProject */ = {
			isa = PBXNativeTarget;
			buildConfigurationList = C7454CD91C27B38800B95FFA /* Build configuration list for PBXNativeTarget "XCTestProject" */;
			buildPhases = (
				C7454CAA1C27B38800B95FFA /* Sources */,
				C7454CAB1C27B38800B95FFA /* Frameworks */,
				C7454CAC1C27B38800B95FFA /* Resources */,
			);
			buildRules = (
			);
			dependencies = (
			);
			name = XCTestProject;
			productName = XCTestProject;
			productReference = C7454CAE1C27B38800B95FFA /* XCTestProject.app */;
			productType = "com.apple.product-type.application";
		};
		C7454CC41C27B38800B95FFA /* XCTestProjectTests */ = {
			isa = PBXNativeTarget;
			buildConfigurationList = C7454CDC1C27B38800B95FFA /* Build configuration list for PBXNativeTarget "XCTestProjectTests" */;
			buildPhases = (
				C7454CC11C27B38800B95FFA /* Sources */,
				C7454CC21C27B38800B95FFA /* Frameworks */,
				C7454CC31C27B38800B95FFA /* Resources */,
			);
			buildRules = (
			);
			dependencies = (
				C7454CC71C27B38800B95FFA /* PBXTargetDependency */,
			);
			name = XCTestProjectTests;
			productName = XCTestProjectTests;
			productReference = C7454CC51C27B38800B95FFA /* XCTestProjectTests.xctest */;
			productType = "com.apple.product-type.bundle.unit-test";
		};
		C7454CCF1C27B38800B95FFA /* XCTestProjectUITests */ = {
			isa = PBXNativeTarget;
			buildConfigurationList = C7454CDF1C27B38800B95FFA /* Build configuration list for PBXNativeTarget "XCTestProjectUITests" */;
			buildPhases = (
				C7454CCC1C27B38800B95FFA /* Sources */,
				C7454CCD1C27B38800B95FFA /* Frameworks */,
				C7454CCE1C27B38800B95FFA /* Resources */,
			);
			buildRules = (
			);
			dependencies = (
				C7454CD21C27B38800B95FFA /* PBXTargetDependency */,
			);
			name = XCTestProjectUITests;
			productName = XCTestProjectUITests;
			productReference = C7454CD01C27B38800B95FFA /* XCTestProjectUITests.xctest */;
			productType = "com.apple.product-type.bundle.ui-testing";
		};
/* End PBXNativeTarget section */

/* Begin PBXProject section */
		C7454CA61C27B38800B95FFA /* Project object */ = {
			isa = PBXProject;
			attributes = {
				LastSwiftUpdateCheck = 0720;
				LastUpgradeCheck = 0720;
				ORGANIZATIONNAME = CHOISUNHO;
				TargetAttributes = {
					C7454CAD1C27B38800B95FFA = {
						CreatedOnToolsVersion = 7.2;
					};
					C7454CC41C27B38800B95FFA = {
						CreatedOnToolsVersion = 7.2;
						TestTargetID = C7454CAD1C27B38800B95FFA;
					};
					C7454CCF1C27B38800B95FFA = {
						CreatedOnToolsVersion = 7.2;
						TestTargetID = C7454CAD1C27B38800B95FFA;
					};
				};
			};
			buildConfigurationList = C7454CA91C27B38800B95FFA /* Build configuration list for PBXProject "XCTestProject" */;
			compatibilityVersion = "Xcode 3.2";
			developmentRegion = English;
			hasScannedForEncodings = 0;
			knownRegions = (
				en,
				Base,
			);
			mainGroup = C7454CA51C27B38800B95FFA;
			productRefGroup = C7454CAF1C27B38800B95FFA /* Products */;
			projectDirPath = "";
			projectRoot = "";
			targets = (
				C7454CAD1C27B38800B95FFA /* XCTestProject */,
				C7454CC41C27B38800B95FFA /* XCTestProjectTests */,
				C7454CCF1C27B38800B95FFA /* XCTestProjectUITests */,
			);
		};
/* End PBXProject section */

/* Begin PBXResourcesBuildPhase section */
		C7454CAC1C27B38800B95FFA /* Resources */ = {
			isa = PBXResourcesBuildPhase;
			buildActionMask = 2147483647;
			files = (
				C7454CBF1C27B38800B95FFA /* LaunchScreen.storyboard in Resources */,
				C7454CBC1C27B38800B95FFA /* Assets.xcassets in Resources */,
				C7454CB71C27B38800B95FFA /* Main.storyboard in Resources */,
			);
			runOnlyForDeploymentPostprocessing = 0;
		};
		C7454CC31C27B38800B95FFA /* Resources */ = {
			isa = PBXResourcesBuildPhase;
			buildActionMask = 2147483647;
			files = (
			);
			runOnlyForDeploymentPostprocessing = 0;
		};
		C7454CCE1C27B38800B95FFA /* Resources */ = {
			isa = PBXResourcesBuildPhase;
			buildActionMask = 2147483647;
			files = (
			);
			runOnlyForDeploymentPostprocessing = 0;
		};
/* End PBXResourcesBuildPhase section */

/* Begin PBXSourcesBuildPhase section */
		C7454CAA1C27B38800B95FFA /* Sources */ = {
			isa = PBXSourcesBuildPhase;
			buildActionMask = 2147483647;
			files = (
				C7454CB41C27B38800B95FFA /* ViewController.swift in Sources */,
				C7454CBA1C27B38800B95FFA /* XCTestProject.xcdatamodeld in Sources */,
				C7454CB21C27B38800B95FFA /* AppDelegate.swift in Sources */,
			);
			runOnlyForDeploymentPostprocessing = 0;
		};
		C7454CC11C27B38800B95FFA /* Sources */ = {
			isa = PBXSourcesBuildPhase;
			buildActionMask = 2147483647;
			files = (
				C7454CE21C27B7B700B95FFA /* ViewController.swift in Sources */,
				C7454CCA1C27B38800B95FFA /* XCTestProjectTests.swift in Sources */,
			);
			runOnlyForDeploymentPostprocessing = 0;
		};
		C7454CCC1C27B38800B95FFA /* Sources */ = {
			isa = PBXSourcesBuildPhase;
			buildActionMask = 2147483647;
			files = (
				C7454CD51C27B38800B95FFA /* XCTestProjectUITests.swift in Sources */,
			);
			runOnlyForDeploymentPostprocessing = 0;
		};
/* End PBXSourcesBuildPhase section */

/* Begin PBXTargetDependency section */
		C7454CC71C27B38800B95FFA /* PBXTargetDependency */ = {
			isa = PBXTargetDependency;
			target = C7454CAD1C27B38800B95FFA /* XCTestProject */;
			targetProxy = C7454CC61C27B38800B95FFA /* PBXContainerItemProxy */;
		};
		C7454CD21C27B38800B95FFA /* PBXTargetDependency */ = {
			isa = PBXTargetDependency;
			target = C7454CAD1C27B38800B95FFA /* XCTestProject */;
			targetProxy = C7454CD11C27B38800B95FFA /* PBXContainerItemProxy */;
		};
/* End PBXTargetDependency section */

/* Begin PBXVariantGroup section */
		C7454CB51C27B38800B95FFA /* Main.storyboard */ = {
			isa = PBXVariantGroup;
			children = (
				C7454CB61C27B38800B95FFA /* Base */,
			);
			name = Main.storyboard;
			sourceTree = "<group>";
		};
		C7454CBD1C27B38800B95FFA /* LaunchScreen.storyboard */ = {
			isa = PBXVariantGroup;
			children = (
				C7454CBE1C27B38800B95FFA /* Base */,
			);
			name = LaunchScreen.storyboard;
			sourceTree = "<group>";
		};
/* End PBXVariantGroup section */

/* Begin XCBuildConfiguration section */
		C7454CD71C27B38800B95FFA /* Debug */ = {
			isa = XCBuildConfiguration;
			buildSettings = {
				ALWAYS_SEARCH_USER_PATHS = NO;
				CLANG_CXX_LANGUAGE_STANDARD = "gnu++0x";
				CLANG_CXX_LIBRARY = "libc++";
				CLANG_ENABLE_MODULES = YES;
				CLANG_ENABLE_OBJC_ARC = YES;
				CLANG_WARN_BOOL_CONVERSION = YES;
				CLANG_WARN_CONSTANT_CONVERSION = YES;
				CLANG_WARN_DIRECT_OBJC_ISA_USAGE = YES_ERROR;
				CLANG_WARN_EMPTY_BODY = YES;
				CLANG_WARN_ENUM_CONVERSION = YES;
				CLANG_WARN_INT_CONVERSION = YES;
				CLANG_WARN_OBJC_ROOT_CLASS = YES_ERROR;
				CLANG_WARN_UNREACHABLE_CODE = YES;
				CLANG_WARN__DUPLICATE_METHOD_MATCH = YES;
				"CODE_SIGN_IDENTITY[sdk=iphoneos*]" = "iPhone Developer";
				COPY_PHASE_STRIP = NO;
				DEBUG_INFORMATION_FORMAT = dwarf;
				ENABLE_STRICT_OBJC_MSGSEND = YES;
				ENABLE_TESTABILITY = YES;
				GCC_C_LANGUAGE_STANDARD = gnu99;
				GCC_DYNAMIC_NO_PIC = NO;
				GCC_NO_COMMON_BLOCKS = YES;
				GCC_OPTIMIZATION_LEVEL = 0;
				GCC_PREPROCESSOR_DEFINITIONS = (
					"DEBUG=1",
					"$(inherited)",
				);
				GCC_WARN_64_TO_32_BIT_CONVERSION = YES;
				GCC_WARN_ABOUT_RETURN_TYPE = YES_ERROR;
				GCC_WARN_UNDECLARED_SELECTOR = YES;
				GCC_WARN_UNINITIALIZED_AUTOS = YES_AGGRESSIVE;
				GCC_WARN_UNUSED_FUNCTION = YES;
				GCC_WARN_UNUSED_VARIABLE = YES;
				IPHONEOS_DEPLOYMENT_TARGET = 9.2;
				MTL_ENABLE_DEBUG_INFO = YES;
				ONLY_ACTIVE_ARCH = YES;
				SDKROOT = iphoneos;
				SWIFT_OPTIMIZATION_LEVEL = "-Onone";
				TARGETED_DEVICE_FAMILY = "1,2";
			};
			name = Debug;
		};
		C7454CD81C27B38800B95FFA /* Release */ = {
			isa = XCBuildConfiguration;
			buildSettings = {
				ALWAYS_SEARCH_USER_PATHS = NO;
				CLANG_CXX_LANGUAGE_STANDARD = "gnu++0x";
				CLANG_CXX_LIBRARY = "libc++";
				CLANG_ENABLE_MODULES = YES;
				CLANG_ENABLE_OBJC_ARC = YES;
				CLANG_WARN_BOOL_CONVERSION = YES;
				CLANG_WARN_CONSTANT_CONVERSION = YES;
				CLANG_WARN_DIRECT_OBJC_ISA_USAGE = YES_ERROR;
				CLANG_WARN_EMPTY_BODY = YES;
				CLANG_WARN_ENUM_CONVERSION = YES;
				CLANG_WARN_INT_CONVERSION = YES;
				CLANG_WARN_OBJC_ROOT_CLASS = YES_ERROR;
				CLANG_WARN_UNREACHABLE_CODE = YES;
				CLANG_WARN__DUPLICATE_METHOD_MATCH = YES;
				"CODE_SIGN_IDENTITY[sdk=iphoneos*]" = "iPhone Developer";
				COPY_PHASE_STRIP = NO;
				DEBUG_INFORMATION_FORMAT = "dwarf-with-dsym";
				ENABLE_NS_ASSERTIONS = NO;
				ENABLE_STRICT_OBJC_MSGSEND = YES;
				GCC_C_LANGUAGE_STANDARD = gnu99;
				GCC_NO_COMMON_BLOCKS = YES;
				GCC_WARN_64_TO_32_BIT_CONVERSION = YES;
				GCC_WARN_ABOUT_RETURN_TYPE = YES_ERROR;
				GCC_WARN_UNDECLARED_SELECTOR = YES;
				GCC_WARN_UNINITIALIZED_AUTOS = YES_AGGRESSIVE;
				GCC_WARN_UNUSED_FUNCTION = YES;
				GCC_WARN_UNUSED_VARIABLE = YES;
				IPHONEOS_DEPLOYMENT_TARGET = 9.2;
				MTL_ENABLE_DEBUG_INFO = NO;
				SDKROOT = iphoneos;
				TARGETED_DEVICE_FAMILY = "1,2";
				VALIDATE_PRODUCT = YES;
			};
			name = Release;
		};
		C7454CDA1C27B38800B95FFA /* Debug */ = {
			isa = XCBuildConfiguration;
			buildSettings = {
				ASSETCATALOG_COMPILER_APPICON_NAME = AppIcon;
				INFOPLIST_FILE = XCTestProject/Info.plist;
				LD_RUNPATH_SEARCH_PATHS = "$(inherited) @executable_path/Frameworks";
				PRODUCT_BUNDLE_IDENTIFIER = me.blog.krazie99.XCTestProject;
				PRODUCT_NAME = "$(TARGET_NAME)";
			};
			name = Debug;
		};
		C7454CDB1C27B38800B95FFA /* Release */ = {
			isa = XCBuildConfiguration;
			buildSettings = {
				ASSETCATALOG_COMPILER_APPICON_NAME = AppIcon;
				INFOPLIST_FILE = XCTestProject/Info.plist;
				LD_RUNPATH_SEARCH_PATHS = "$(inherited) @executable_path/Frameworks";
				PRODUCT_BUNDLE_IDENTIFIER = me.blog.krazie99.XCTestProject;
				PRODUCT_NAME = "$(TARGET_NAME)";
			};
			name = Release;
		};
		C7454CDD1C27B38800B95FFA /* Debug */ = {
			isa = XCBuildConfiguration;
			buildSettings = {
				BUNDLE_LOADER = "$(TEST_HOST)";
				INFOPLIST_FILE = XCTestProjectTests/Info.plist;
				LD_RUNPATH_SEARCH_PATHS = "$(inherited) @executable_path/Frameworks @loader_path/Frameworks";
				PRODUCT_BUNDLE_IDENTIFIER = me.blog.krazie99.XCTestProjectTests;
				PRODUCT_NAME = "$(TARGET_NAME)";
				TEST_HOST = "$(BUILT_PRODUCTS_DIR)/XCTestProject.app/XCTestProject";
			};
			name = Debug;
		};
		C7454CDE1C27B38800B95FFA /* Release */ = {
			isa = XCBuildConfiguration;
			buildSettings = {
				BUNDLE_LOADER = "$(TEST_HOST)";
				INFOPLIST_FILE = XCTestProjectTests/Info.plist;
				LD_RUNPATH_SEARCH_PATHS = "$(inherited) @executable_path/Frameworks @loader_path/Frameworks";
				PRODUCT_BUNDLE_IDENTIFIER = me.blog.krazie99.XCTestProjectTests;
				PRODUCT_NAME = "$(TARGET_NAME)";
				TEST_HOST = "$(BUILT_PRODUCTS_DIR)/XCTestProject.app/XCTestProject";
			};
			name = Release;
		};
		C7454CE01C27B38800B95FFA /* Debug */ = {
			isa = XCBuildConfiguration;
			buildSettings = {
				INFOPLIST_FILE = XCTestProjectUITests/Info.plist;
				LD_RUNPATH_SEARCH_PATHS = "$(inherited) @executable_path/Frameworks @loader_path/Frameworks";
				PRODUCT_BUNDLE_IDENTIFIER = me.blog.krazie99.XCTestProjectUITests;
				PRODUCT_NAME = "$(TARGET_NAME)";
				TEST_TARGET_NAME = XCTestProject;
				USES_XCTRUNNER = YES;
			};
			name = Debug;
		};
		C7454CE11C27B38800B95FFA /* Release */ = {
			isa = XCBuildConfiguration;
			buildSettings = {
				INFOPLIST_FILE = XCTestProjectUITests/Info.plist;
				LD_RUNPATH_SEARCH_PATHS = "$(inherited) @executable_path/Frameworks @loader_path/Frameworks";
				PRODUCT_BUNDLE_IDENTIFIER = me.blog.krazie99.XCTestProjectUITests;
				PRODUCT_NAME = "$(TARGET_NAME)";
				TEST_TARGET_NAME = XCTestProject;
				USES_XCTRUNNER = YES;
			};
			name = Release;
		};
/* End XCBuildConfiguration section */

/* Begin XCConfigurationList section */
		C7454CA91C27B38800B95FFA /* Build configuration list for PBXProject "XCTestProject" */ = {
			isa = XCConfigurationList;
			buildConfigurations = (
				C7454CD71C27B38800B95FFA /* Debug */,
				C7454CD81C27B38800B95FFA /* Release */,
			);
			defaultConfigurationIsVisible = 0;
			defaultConfigurationName = Release;
		};
		C7454CD91C27B38800B95FFA /* Build configuration list for PBXNativeTarget "XCTestProject" */ = {
			isa = XCConfigurationList;
			buildConfigurations = (
				C7454CDA1C27B38800B95FFA /* Debug */,
				C7454CDB1C27B38800B95FFA /* Release */,
			);
			defaultConfigurationIsVisible = 0;
		};
		C7454CDC1C27B38800B95FFA /* Build configuration list for PBXNativeTarget "XCTestProjectTests" */ = {
			isa = XCConfigurationList;
			buildConfigurations = (
				C7454CDD1C27B38800B95FFA /* Debug */,
				C7454CDE1C27B38800B95FFA /* Release */,
			);
			defaultConfigurationIsVisible = 0;
		};
		C7454CDF1C27B38800B95FFA /* Build configuration list for PBXNativeTarget "XCTestProjectUITests" */ = {
			isa = XCConfigurationList;
			buildConfigurations = (
				C7454CE01C27B38800B95FFA /* Debug */,
				C7454CE11C27B38800B95FFA /* Release */,
			);
			defaultConfigurationIsVisible = 0;
		};
/* End XCConfigurationList section */

/* Begin XCVersionGroup section */
		C7454CB81C27B38800B95FFA /* XCTestProject.xcdatamodeld */ = {
			isa = XCVersionGroup;
			children = (
				C7454CB91C27B38800B95FFA /* XCTestProject.xcdatamodel */,
			);
			currentVersion = C7454CB91C27B38800B95FFA /* XCTestProject.xcdatamodel */;
			path = XCTestProject.xcdatamodeld;
			sourceTree = "<group>";
			versionGroupType = wrapper.xcdatamodel;
		};
/* End XCVersionGroup section */
	};
	rootObject = C7454CA61C27B38800B95FFA /* Project object */;
}
